
Microsoft Visual Studio Solution File, Format Version 12.00
# Visual Studio 15
VisualStudioVersion = 15.0.28010.2046
MinimumVisualStudioVersion = 10.0.40219.1
Project("{FAE04EC0-301F-11D3-BF4B-00C04F79EFBC}") = "Solution", "Solution\Solution.csproj", "{78E28E04-2B81-47DE-AA73-588B83D07C49}"
EndProject
Global
	GlobalSection(SolutionConfigurationPlatforms) = preSolution
		Debug|Any CPU = Debug|Any CPU
		Release|Any CPU = Release|Any CPU
	EndGlobalSection
	GlobalSection(ProjectConfigurationPlatforms) = postSolution
		{78E28E04-2B81-47DE-AA73-588B83D07C49}.Debug|Any CPU.ActiveCfg = Debug|Any CPU
		{78E28E04-2B81-47DE-AA73-588B83D07C49}.Debug|Any CPU.Build.0 = Debug|Any CPU
		{78E28E04-2B81-47DE-AA73-588B83D07C49}.Release|Any CPU.ActiveCfg = Release|Any CPU
		{78E28E04-2B81-47DE-AA73-588B83D07C49}.Release|Any CPU.Build.0 = Release|Any CPU
	EndGlobalSection
	GlobalSection(SolutionProperties) = preSolution
		HideSolutionNode = FALSE
	EndGlobalSection
	GlobalSection(ExtensibilityGlobals) = postSolution
		SolutionGuid = {BA4A7BEA-C45D-4DC9-A6C9-F848BFD5EA62}
	EndGlobalSection
EndGlobal
